PODS:
  - Flutter (1.0.0)
  - multicamera (1.0.0):
    - Flutter
  - permission_handler_apple (9.3.0):
    - Flutter

DEPENDENCIES:
  - Flutter (from `Flutter`)
  - multicamera (from `.symlinks/plugins/multicamera/ios`)
  - permission_handler_apple (from `.symlinks/plugins/permission_handler_apple/ios`)

EXTERNAL SOURCES:
  Flutter:
    :path: Flutter
  multicamera:
    :path: ".symlinks/plugins/multicamera/ios"
  permission_handler_apple:
    :path: ".symlinks/plugins/permission_handler_apple/ios"

SPEC CHECKSUMS:
  Flutter: cabc95a1d2626b1b06e7179b784ebcf0c0cde467
  multicamera: c38926cd6ff96805ab8fddddf9182f4cc93ae792
  permission_handler_apple: 4ed2196e43d0651e8ff7ca3483a069d469701f2d

PODFILE CHECKSUM: aeab8fb0c98ebb605904c82bd1c919f32a151ffd

COCOAPODS: 1.16.2
